// !$*UTF8*$!
{
	archiveVersion = 1;
	classes = {
	};
	objectVersion = 55;
	objects = {

/* Begin PBXBuildFile section */
		041720B9270B3CC7006FA236 /* ScrumDingerApp.swift in Sources */ = {isa = PBXBuildFile; fileRef = 041720B8270B3CC7006FA236 /* ScrumDingerApp.swift */; };
		041720BB270B3CC7006FA236 /* MeetingView.swift in Sources */ = {isa = PBXBuildFile; fileRef = 041720BA270B3CC7006FA236 /* MeetingView.swift */; };
		041720BD270B3CCA006FA236 /* Assets.xcassets in Resources */ = {isa = PBXBuildFile; fileRef = 041720BC270B3CCA006FA236 /* Assets.xcassets */; };
		041720C0270B3CCA006FA236 /* Preview Assets.xcassets in Resources */ = {isa = PBXBuildFile; fileRef = 041720BF270B3CCA006FA236 /* Preview Assets.xcassets */; };
		041720C7270B3FF8006FA236 /* DailyScrum.swift in Sources */ = {isa = PBXBuildFile; fileRef = 041720C6270B3FF8006FA236 /* DailyScrum.swift */; };
		041720CE270B40F3006FA236 /* CardView.swift in Sources */ = {isa = PBXBuildFile; fileRef = 041720CD270B40F3006FA236 /* CardView.swift */; };
		041720D0270B4310006FA236 /* Color+Codable.swift in Sources */ = {isa = PBXBuildFile; fileRef = 041720CF270B4310006FA236 /* Color+Codable.swift */; };
		041720D2270B45B9006FA236 /* ScrumsView.swift in Sources */ = {isa = PBXBuildFile; fileRef = 041720D1270B45B9006FA236 /* ScrumsView.swift */; };
		041720D4270B4C4D006FA236 /* DetailView.swift in Sources */ = {isa = PBXBuildFile; fileRef = 041720D3270B4C4D006FA236 /* DetailView.swift */; };
		041720D6270B50F1006FA236 /* EditView.swift in Sources */ = {isa = PBXBuildFile; fileRef = 041720D5270B50F1006FA236 /* EditView.swift */; };
		0421BCFE270DE4E7006DA8B4 /* MeetingHeaderView.swift in Sources */ = {isa = PBXBuildFile; fileRef = 0421BCFD270DE4E6006DA8B4 /* MeetingHeaderView.swift */; };
		0421BD00270DE6D3006DA8B4 /* ScrumProgressViewStyle.swift in Sources */ = {isa = PBXBuildFile; fileRef = 0421BCFF270DE6D3006DA8B4 /* ScrumProgressViewStyle.swift */; };
		0421BD02270DE91F006DA8B4 /* ScrumTimer.swift in Sources */ = {isa = PBXBuildFile; fileRef = 0421BD01270DE91F006DA8B4 /* ScrumTimer.swift */; };
		0421BD04270DEC04006DA8B4 /* MeetingFooterView.swift in Sources */ = {isa = PBXBuildFile; fileRef = 0421BD03270DEC04006DA8B4 /* MeetingFooterView.swift */; };
		0421BD07270DF32C006DA8B4 /* ding.wav in Resources */ = {isa = PBXBuildFile; fileRef = 0421BD06270DF32C006DA8B4 /* ding.wav */; };
		0421BD09270DF368006DA8B4 /* PlaySound.swift in Sources */ = {isa = PBXBuildFile; fileRef = 0421BD08270DF368006DA8B4 /* PlaySound.swift */; };
		0421BD0B270DF399006DA8B4 /* AVPlayer+Ding.swift in Sources */ = {isa = PBXBuildFile; fileRef = 0421BD0A270DF399006DA8B4 /* AVPlayer+Ding.swift */; };
		0421BD0D270DF8CA006DA8B4 /* History.swift in Sources */ = {isa = PBXBuildFile; fileRef = 0421BD0C270DF8CA006DA8B4 /* History.swift */; };
		0452CDCA2711B66D0002185C /* MeetingTimerView.swift in Sources */ = {isa = PBXBuildFile; fileRef = 0452CDC92711B66D0002185C /* MeetingTimerView.swift */; };
		0452CDCC2711C12C0002185C /* SpeechRecognizer.swift in Sources */ = {isa = PBXBuildFile; fileRef = 0452CDCB2711C12C0002185C /* SpeechRecognizer.swift */; };
		0452CDCE2711C3AE0002185C /* HistoryView.swift in Sources */ = {isa = PBXBuildFile; fileRef = 0452CDCD2711C3AE0002185C /* HistoryView.swift */; };
		04E62618270F3DCC00A38723 /* ScrumData.swift in Sources */ = {isa = PBXBuildFile; fileRef = 04E62617270F3DCC00A38723 /* ScrumData.swift */; };
/* End PBXBuildFile section */

/* Begin PBXFileReference section */
		041720B5270B3CC7006FA236 /* ScrumDinger.app */ = {isa = PBXFileReference; explicitFileType = wrapper.application; includeInIndex = 0; path = ScrumDinger.app; sourceTree = BUILT_PRODUCTS_DIR; };
		041720B8270B3CC7006FA236 /* ScrumDingerApp.swift */ = {isa = PBXFileReference; lastKnownFileType = sourcecode.swift; path = ScrumDingerApp.swift; sourceTree = "<group>"; };
		041720BA270B3CC7006FA236 /* MeetingView.swift */ = {isa = PBXFileReference; lastKnownFileType = sourcecode.swift; path = MeetingView.swift; sourceTree = "<group>"; };
		041720BC270B3CCA006FA236 /* Assets.xcassets */ = {isa = PBXFileReference; lastKnownFileType = folder.assetcatalog; path = Assets.xcassets; sourceTree = "<group>"; };
		041720BF270B3CCA006FA236 /* Preview Assets.xcassets */ = {isa = PBXFileReference; lastKnownFileType = folder.assetcatalog; path = "Preview Assets.xcassets"; sourceTree = "<group>"; };
		041720C6270B3FF8006FA236 /* DailyScrum.swift */ = {isa = PBXFileReference; lastKnownFileType = sourcecode.swift; path = DailyScrum.swift; sourceTree = "<group>"; };
		041720CD270B40F3006FA236 /* CardView.swift */ = {isa = PBXFileReference; lastKnownFileType = sourcecode.swift; path = CardView.swift; sourceTree = "<group>"; };
		041720CF270B4310006FA236 /* Color+Codable.swift */ = {isa = PBXFileReference; lastKnownFileType = sourcecode.swift; path = "Color+Codable.swift"; sourceTree = "<group>"; };
		041720D1270B45B9006FA236 /* ScrumsView.swift */ = {isa = PBXFileReference; lastKnownFileType = sourcecode.swift; path = ScrumsView.swift; sourceTree = "<group>"; };
		041720D3270B4C4D006FA236 /* DetailView.swift */ = {isa = PBXFileReference; lastKnownFileType = sourcecode.swift; path = DetailView.swift; sourceTree = "<group>"; };
		041720D5270B50F1006FA236 /* EditView.swift */ = {isa = PBXFileReference; lastKnownFileType = sourcecode.swift; path = EditView.swift; sourceTree = "<group>"; };
		0421BCFD270DE4E6006DA8B4 /* MeetingHeaderView.swift */ = {isa = PBXFileReference; lastKnownFileType = sourcecode.swift; path = MeetingHeaderView.swift; sourceTree = "<group>"; };
		0421BCFF270DE6D3006DA8B4 /* ScrumProgressViewStyle.swift */ = {isa = PBXFileReference; lastKnownFileType = sourcecode.swift; path = ScrumProgressViewStyle.swift; sourceTree = "<group>"; };
		0421BD01270DE91F006DA8B4 /* ScrumTimer.swift */ = {isa = PBXFileReference; lastKnownFileType = sourcecode.swift; path = ScrumTimer.swift; sourceTree = "<group>"; };
		0421BD03270DEC04006DA8B4 /* MeetingFooterView.swift */ = {isa = PBXFileReference; lastKnownFileType = sourcecode.swift; path = MeetingFooterView.swift; sourceTree = "<group>"; };
		0421BD06270DF32C006DA8B4 /* ding.wav */ = {isa = PBXFileReference; lastKnownFileType = audio.wav; path = ding.wav; sourceTree = "<group>"; };
		0421BD08270DF368006DA8B4 /* PlaySound.swift */ = {isa = PBXFileReference; lastKnownFileType = sourcecode.swift; path = PlaySound.swift; sourceTree = "<group>"; };
		0421BD0A270DF399006DA8B4 /* AVPlayer+Ding.swift */ = {isa = PBXFileReference; lastKnownFileType = sourcecode.swift; path = "AVPlayer+Ding.swift"; sourceTree = "<group>"; };
		0421BD0C270DF8CA006DA8B4 /* History.swift */ = {isa = PBXFileReference; lastKnownFileType = sourcecode.swift; path = History.swift; sourceTree = "<group>"; };
		0452CDC92711B66D0002185C /* MeetingTimerView.swift */ = {isa = PBXFileReference; lastKnownFileType = sourcecode.swift; path = MeetingTimerView.swift; sourceTree = "<group>"; };
		0452CDCB2711C12C0002185C /* SpeechRecognizer.swift */ = {isa = PBXFileReference; lastKnownFileType = sourcecode.swift; path = SpeechRecognizer.swift; sourceTree = "<group>"; };
		0452CDCD2711C3AE0002185C /* HistoryView.swift */ = {isa = PBXFileReference; lastKnownFileType = sourcecode.swift; path = HistoryView.swift; sourceTree = "<group>"; };
		04E62617270F3DCC00A38723 /* ScrumData.swift */ = {isa = PBXFileReference; lastKnownFileType = sourcecode.swift; path = ScrumData.swift; sourceTree = "<group>"; };
/* End PBXFileReference section */

/* Begin PBXFrameworksBuildPhase section */
		041720B2270B3CC7006FA236 /* Frameworks */ = {
			isa = PBXFrameworksBuildPhase;
			buildActionMask = 2147483647;
			files = (
			);
			runOnlyForDeploymentPostprocessing = 0;
		};
/* End PBXFrameworksBuildPhase section */

/* Begin PBXGroup section */
		041720AC270B3CC7006FA236 = {
			isa = PBXGroup;
			children = (
				041720B7270B3CC7006FA236 /* ScrumDinger */,
				041720B6270B3CC7006FA236 /* Products */,
			);
			sourceTree = "<group>";
		};
		041720B6270B3CC7006FA236 /* Products */ = {
			isa = PBXGroup;
			children = (
				041720B5270B3CC7006FA236 /* ScrumDinger.app */,
			);
			name = Products;
			sourceTree = "<group>";
		};
		041720B7270B3CC7006FA236 /* ScrumDinger */ = {
			isa = PBXGroup;
			children = (
				041720CA270B40AB006FA236 /* Item */,
				041720C8270B409C006FA236 /* Modal */,
				041720C9270B40A2006FA236 /* Views */,
				041720CB270B40BB006FA236 /* ViewModel */,
				041720CC270B40C6006FA236 /* Resources */,
				041720B8270B3CC7006FA236 /* ScrumDingerApp.swift */,
				041720BC270B3CCA006FA236 /* Assets.xcassets */,
				041720BE270B3CCA006FA236 /* Preview Content */,
			);
			path = ScrumDinger;
			sourceTree = "<group>";
		};
		041720BE270B3CCA006FA236 /* Preview Content */ = {
			isa = PBXGroup;
			children = (
				041720BF270B3CCA006FA236 /* Preview Assets.xcassets */,
			);
			path = "Preview Content";
			sourceTree = "<group>";
		};
		041720C8270B409C006FA236 /* Modal */ = {
			isa = PBXGroup;
			children = (
				041720C6270B3FF8006FA236 /* DailyScrum.swift */,
				0421BD0C270DF8CA006DA8B4 /* History.swift */,
				0421BD08270DF368006DA8B4 /* PlaySound.swift */,
				0421BD0A270DF399006DA8B4 /* AVPlayer+Ding.swift */,
				041720CF270B4310006FA236 /* Color+Codable.swift */,
				0452CDCB2711C12C0002185C /* SpeechRecognizer.swift */,
			);
			path = Modal;
			sourceTree = "<group>";
		};
		041720C9270B40A2006FA236 /* Views */ = {
			isa = PBXGroup;
			children = (
				041720BA270B3CC7006FA236 /* MeetingView.swift */,
				041720D1270B45B9006FA236 /* ScrumsView.swift */,
				041720D3270B4C4D006FA236 /* DetailView.swift */,
				041720D5270B50F1006FA236 /* EditView.swift */,
				0452CDCD2711C3AE0002185C /* HistoryView.swift */,
			);
			path = Views;
			sourceTree = "<group>";
		};
		041720CA270B40AB006FA236 /* Item */ = {
			isa = PBXGroup;
			children = (
				041720CD270B40F3006FA236 /* CardView.swift */,
				0421BCFD270DE4E6006DA8B4 /* MeetingHeaderView.swift */,
				0421BCFF270DE6D3006DA8B4 /* ScrumProgressViewStyle.swift */,
				0421BD03270DEC04006DA8B4 /* MeetingFooterView.swift */,
				0452CDC92711B66D0002185C /* MeetingTimerView.swift */,
			);
			path = Item;
			sourceTree = "<group>";
		};
		041720CB270B40BB006FA236 /* ViewModel */ = {
			isa = PBXGroup;
			children = (
				0421BD01270DE91F006DA8B4 /* ScrumTimer.swift */,
				04E62617270F3DCC00A38723 /* ScrumData.swift */,
			);
			path = ViewModel;
			sourceTree = "<group>";
		};
		041720CC270B40C6006FA236 /* Resources */ = {
			isa = PBXGroup;
			children = (
				0421BD06270DF32C006DA8B4 /* ding.wav */,
			);
			path = Resources;
			sourceTree = "<group>";
		};
/* End PBXGroup section */

/* Begin PBXNativeTarget section */
		041720B4270B3CC7006FA236 /* ScrumDinger */ = {
			isa = PBXNativeTarget;
			buildConfigurationList = 041720C3270B3CCA006FA236 /* Build configuration list for PBXNativeTarget "ScrumDinger" */;
			buildPhases = (
				041720B1270B3CC7006FA236 /* Sources */,
				041720B2270B3CC7006FA236 /* Frameworks */,
				041720B3270B3CC7006FA236 /* Resources */,
			);
			buildRules = (
			);
			dependencies = (
			);
			name = ScrumDinger;
			productName = ScrumDinger;
			productReference = 041720B5270B3CC7006FA236 /* ScrumDinger.app */;
			productType = "com.apple.product-type.application";
		};
/* End PBXNativeTarget section */

/* Begin PBXProject section */
		041720AD270B3CC7006FA236 /* Project object */ = {
			isa = PBXProject;
			attributes = {
				BuildIndependentTargetsInParallel = 1;
				LastSwiftUpdateCheck = 1300;
				LastUpgradeCheck = 1300;
				TargetAttributes = {
					041720B4270B3CC7006FA236 = {
						CreatedOnToolsVersion = 13.0;
					};
				};
			};
			buildConfigurationList = 041720B0270B3CC7006FA236 /* Build configuration list for PBXProject "ScrumDinger" */;
			compatibilityVersion = "Xcode 13.0";
			developmentRegion = en;
			hasScannedForEncodings = 0;
			knownRegions = (
				en,
				Base,
			);
			mainGroup = 041720AC270B3CC7006FA236;
			productRefGroup = 041720B6270B3CC7006FA236 /* Products */;
			projectDirPath = "";
			projectRoot = "";
			targets = (
				041720B4270B3CC7006FA236 /* ScrumDinger */,
			);
		};
/* End PBXProject section */

/* Begin PBXResourcesBuildPhase section */
		041720B3270B3CC7006FA236 /* Resources */ = {
			isa = PBXResourcesBuildPhase;
			buildActionMask = 2147483647;
			files = (
				0421BD07270DF32C006DA8B4 /* ding.wav in Resources */,
				041720C0270B3CCA006FA236 /* Preview Assets.xcassets in Resources */,
				041720BD270B3CCA006FA236 /* Assets.xcassets in Resources */,
			);
			runOnlyForDeploymentPostprocessing = 0;
		};
/* End PBXResourcesBuildPhase section */

/* Begin PBXSourcesBuildPhase section */
		041720B1270B3CC7006FA236 /* Sources */ = {
			isa = PBXSourcesBuildPhase;
			buildActionMask = 2147483647;
			files = (
				0452CDCA2711B66D0002185C /* MeetingTimerView.swift in Sources */,
				041720BB270B3CC7006FA236 /* MeetingView.swift in Sources */,
				041720D2270B45B9006FA236 /* ScrumsView.swift in Sources */,
				041720D6270B50F1006FA236 /* EditView.swift in Sources */,
				0421BCFE270DE4E7006DA8B4 /* MeetingHeaderView.swift in Sources */,
				0452CDCC2711C12C0002185C /* SpeechRecognizer.swift in Sources */,
				041720C7270B3FF8006FA236 /* DailyScrum.swift in Sources */,
				0421BD04270DEC04006DA8B4 /* MeetingFooterView.swift in Sources */,
				041720D4270B4C4D006FA236 /* DetailView.swift in Sources */,
				0421BD02270DE91F006DA8B4 /* ScrumTimer.swift in Sources */,
				041720CE270B40F3006FA236 /* CardView.swift in Sources */,
				0421BD0D270DF8CA006DA8B4 /* History.swift in Sources */,
				0452CDCE2711C3AE0002185C /* HistoryView.swift in Sources */,
				0421BD0B270DF399006DA8B4 /* AVPlayer+Ding.swift in Sources */,
				041720D0270B4310006FA236 /* Color+Codable.swift in Sources */,
				0421BD00270DE6D3006DA8B4 /* ScrumProgressViewStyle.swift in Sources */,
				0421BD09270DF368006DA8B4 /* PlaySound.swift in Sources */,
				04E62618270F3DCC00A38723 /* ScrumData.swift in Sources */,
				041720B9270B3CC7006FA236 /* ScrumDingerApp.swift in Sources */,
			);
			runOnlyForDeploymentPostprocessing = 0;
		};
/* End PBXSourcesBuildPhase section */

/* Begin XCBuildConfiguration section */
		041720C1270B3CCA006FA236 /* Debug */ = {
			isa = XCBuildConfiguration;
			buildSettings = {
				ALWAYS_SEARCH_USER_PATHS = NO;
				CLANG_ANALYZER_NONNULL = YES;
				CLANG_ANALYZER_NUMBER_OBJECT_CONVERSION = YES_AGGRESSIVE;
				CLANG_CXX_LANGUAGE_STANDARD = "gnu++17";
				CLANG_CXX_LIBRARY = "libc++";
				CLANG_ENABLE_MODULES = YES;
				CLANG_ENABLE_OBJC_ARC = YES;
				CLANG_ENABLE_OBJC_WEAK = YES;
				CLANG_WARN_BLOCK_CAPTURE_AUTORELEASING = YES;
				CLANG_WARN_BOOL_CONVERSION = YES;
				CLANG_WARN_COMMA = YES;
				CLANG_WARN_CONSTANT_CONVERSION = YES;
				CLANG_WARN_DEPRECATED_OBJC_IMPLEMENTATIONS = YES;
				CLANG_WARN_DIRECT_OBJC_ISA_USAGE = YES_ERROR;
				CLANG_WARN_DOCUMENTATION_COMMENTS = YES;
				CLANG_WARN_EMPTY_BODY = YES;
				CLANG_WARN_ENUM_CONVERSION = YES;
				CLANG_WARN_INFINITE_RECURSION = YES;
				CLANG_WARN_INT_CONVERSION = YES;
				CLANG_WARN_NON_LITERAL_NULL_CONVERSION = YES;
				CLANG_WARN_OBJC_IMPLICIT_RETAIN_SELF = YES;
				CLANG_WARN_OBJC_LITERAL_CONVERSION = YES;
				CLANG_WARN_OBJC_ROOT_CLASS = YES_ERROR;
				CLANG_WARN_QUOTED_INCLUDE_IN_FRAMEWORK_HEADER = YES;
				CLANG_WARN_RANGE_LOOP_ANALYSIS = YES;
				CLANG_WARN_STRICT_PROTOTYPES = YES;
				CLANG_WARN_SUSPICIOUS_MOVE = YES;
				CLANG_WARN_UNGUARDED_AVAILABILITY = YES_AGGRESSIVE;
				CLANG_WARN_UNREACHABLE_CODE = YES;
				CLANG_WARN__DUPLICATE_METHOD_MATCH = YES;
				COPY_PHASE_STRIP = NO;
				DEBUG_INFORMATION_FORMAT = dwarf;
				ENABLE_STRICT_OBJC_MSGSEND = YES;
				ENABLE_TESTABILITY = YES;
				GCC_C_LANGUAGE_STANDARD = gnu11;
				GCC_DYNAMIC_NO_PIC = NO;
				GCC_NO_COMMON_BLOCKS = YES;
				GCC_OPTIMIZATION_LEVEL = 0;
				GCC_PREPROCESSOR_DEFINITIONS = (
					"DEBUG=1",
					"$(inherited)",
				);
				GCC_WARN_64_TO_32_BIT_CONVERSION = YES;
				GCC_WARN_ABOUT_RETURN_TYPE = YES_ERROR;
				GCC_WARN_UNDECLARED_SELECTOR = YES;
				GCC_WARN_UNINITIALIZED_AUTOS = YES_AGGRESSIVE;
				GCC_WARN_UNUSED_FUNCTION = YES;
				GCC_WARN_UNUSED_VARIABLE = YES;
				IPHONEOS_DEPLOYMENT_TARGET = 15.0;
				MTL_ENABLE_DEBUG_INFO = INCLUDE_SOURCE;
				MTL_FAST_MATH = YES;
				ONLY_ACTIVE_ARCH = YES;
				SDKROOT = iphoneos;
				SWIFT_ACTIVE_COMPILATION_CONDITIONS = DEBUG;
				SWIFT_OPTIMIZATION_LEVEL = "-Onone";
			};
			name = Debug;
		};
		041720C2270B3CCA006FA236 /* Release */ = {
			isa = XCBuildConfiguration;
			buildSettings = {
				ALWAYS_SEARCH_USER_PATHS = NO;
				CLANG_ANALYZER_NONNULL = YES;
				CLANG_ANALYZER_NUMBER_OBJECT_CONVERSION = YES_AGGRESSIVE;
				CLANG_CXX_LANGUAGE_STANDARD = "gnu++17";
				CLANG_CXX_LIBRARY = "libc++";
				CLANG_ENABLE_MODULES = YES;
				CLANG_ENABLE_OBJC_ARC = YES;
				CLANG_ENABLE_OBJC_WEAK = YES;
				CLANG_WARN_BLOCK_CAPTURE_AUTORELEASING = YES;
				CLANG_WARN_BOOL_CONVERSION = YES;
				CLANG_WARN_COMMA = YES;
				CLANG_WARN_CONSTANT_CONVERSION = YES;
				CLANG_WARN_DEPRECATED_OBJC_IMPLEMENTATIONS = YES;
				CLANG_WARN_DIRECT_OBJC_ISA_USAGE = YES_ERROR;
				CLANG_WARN_DOCUMENTATION_COMMENTS = YES;
				CLANG_WARN_EMPTY_BODY = YES;
				CLANG_WARN_ENUM_CONVERSION = YES;
				CLANG_WARN_INFINITE_RECURSION = YES;
				CLANG_WARN_INT_CONVERSION = YES;
				CLANG_WARN_NON_LITERAL_NULL_CONVERSION = YES;
				CLANG_WARN_OBJC_IMPLICIT_RETAIN_SELF = YES;
				CLANG_WARN_OBJC_LITERAL_CONVERSION = YES;
				CLANG_WARN_OBJC_ROOT_CLASS = YES_ERROR;
				CLANG_WARN_QUOTED_INCLUDE_IN_FRAMEWORK_HEADER = YES;
				CLANG_WARN_RANGE_LOOP_ANALYSIS = YES;
				CLANG_WARN_STRICT_PROTOTYPES = YES;
				CLANG_WARN_SUSPICIOUS_MOVE = YES;
				CLANG_WARN_UNGUARDED_AVAILABILITY = YES_AGGRESSIVE;
				CLANG_WARN_UNREACHABLE_CODE = YES;
				CLANG_WARN__DUPLICATE_METHOD_MATCH = YES;
				COPY_PHASE_STRIP = NO;
				DEBUG_INFORMATION_FORMAT = "dwarf-with-dsym";
				ENABLE_NS_ASSERTIONS = NO;
				ENABLE_STRICT_OBJC_MSGSEND = YES;
				GCC_C_LANGUAGE_STANDARD = gnu11;
				GCC_NO_COMMON_BLOCKS = YES;
				GCC_WARN_64_TO_32_BIT_CONVERSION = YES;
				GCC_WARN_ABOUT_RETURN_TYPE = YES_ERROR;
				GCC_WARN_UNDECLARED_SELECTOR = YES;
				GCC_WARN_UNINITIALIZED_AUTOS = YES_AGGRESSIVE;
				GCC_WARN_UNUSED_FUNCTION = YES;
				GCC_WARN_UNUSED_VARIABLE = YES;
				IPHONEOS_DEPLOYMENT_TARGET = 15.0;
				MTL_ENABLE_DEBUG_INFO = NO;
				MTL_FAST_MATH = YES;
				SDKROOT = iphoneos;
				SWIFT_COMPILATION_MODE = wholemodule;
				SWIFT_OPTIMIZATION_LEVEL = "-O";
				VALIDATE_PRODUCT = YES;
			};
			name = Release;
		};
		041720C4270B3CCA006FA236 /* Debug */ = {
			isa = XCBuildConfiguration;
			buildSettings = {
				ASSETCATALOG_COMPILER_APPICON_NAME = AppIcon;
				ASSETCATALOG_COMPILER_GLOBAL_ACCENT_COLOR_NAME = AccentColor;
				CODE_SIGN_STYLE = Automatic;
				CURRENT_PROJECT_VERSION = 1;
				DEVELOPMENT_ASSET_PATHS = "\"ScrumDinger/Preview Content\"";
				DEVELOPMENT_TEAM = YHZVJQ792Q;
				ENABLE_PREVIEWS = YES;
				GENERATE_INFOPLIST_FILE = YES;
				INFOPLIST_KEY_NSMicrophoneUsageDescription = "Audio is recorded to transcribe the meeting. Audio recordings are discarded after transcription.";
				INFOPLIST_KEY_NSSpeechRecognitionUsageDescription = "You can view a text transcription of your meeting in the app.";
				INFOPLIST_KEY_UIApplicationSceneManifest_Generation = YES;
				INFOPLIST_KEY_UIApplicationSupportsIndirectInputEvents = YES;
				INFOPLIST_KEY_UILaunchScreen_Generation = YES;
				INFOPLIST_KEY_UISupportedInterfaceOrientations = UIInterfaceOrientationPortrait;
				INFOPLIST_KEY_UISupportedInterfaceOrientations_iPad = "UIInterfaceOrientationPortrait UIInterfaceOrientationPortraitUpsideDown UIInterfaceOrientationLandscapeLeft UIInterfaceOrientationLandscapeRight";
				INFOPLIST_KEY_UISupportedInterfaceOrientations_iPhone = "UIInterfaceOrientationPortrait UIInterfaceOrientationLandscapeLeft UIInterfaceOrientationLandscapeRight";
				IPHONEOS_DEPLOYMENT_TARGET = 14.0;
				LD_RUNPATH_SEARCH_PATHS = (
					"$(inherited)",
					"@executable_path/Frameworks",
				);
				MARKETING_VERSION = 1.0;
				PRODUCT_BUNDLE_IDENTIFIER = com.blacenova.ScrumDinger;
				PRODUCT_NAME = "$(TARGET_NAME)";
				SWIFT_EMIT_LOC_STRINGS = YES;
				SWIFT_VERSION = 5.0;
				TARGETED_DEVICE_FAMILY = "1,2";
			};
			name = Debug;
		};
		041720C5270B3CCA006FA236 /* Release */ = {
			isa = XCBuildConfiguration;
			buildSettings = {
				ASSETCATALOG_COMPILER_APPICON_NAME = AppIcon;
				ASSETCATALOG_COMPILER_GLOBAL_ACCENT_COLOR_NAME = AccentColor;
				CODE_SIGN_STYLE = Automatic;
				CURRENT_PROJECT_VERSION = 1;
				DEVELOPMENT_ASSET_PATHS = "\"ScrumDinger/Preview Content\"";
				DEVELOPMENT_TEAM = YHZVJQ792Q;
				ENABLE_PREVIEWS = YES;
				GENERATE_INFOPLIST_FILE = YES;
				INFOPLIST_KEY_NSMicrophoneUsageDescription = "Audio is recorded to transcribe the meeting. Audio recordings are discarded after transcription.";
				INFOPLIST_KEY_NSSpeechRecognitionUsageDescription = "You can view a text transcription of your meeting in the app.";
				INFOPLIST_KEY_UIApplicationSceneManifest_Generation = YES;
				INFOPLIST_KEY_UIApplicationSupportsIndirectInputEvents = YES;
				INFOPLIST_KEY_UILaunchScreen_Generation = YES;
				INFOPLIST_KEY_UISupportedInterfaceOrientations = UIInterfaceOrientationPortrait;
				INFOPLIST_KEY_UISupportedInterfaceOrientations_iPad = "UIInterfaceOrientationPortrait UIInterfaceOrientationPortraitUpsideDown UIInterfaceOrientationLandscapeLeft UIInterfaceOrientationLandscapeRight";
				INFOPLIST_KEY_UISupportedInterfaceOrientations_iPhone = "UIInterfaceOrientationPortrait UIInterfaceOrientationLandscapeLeft UIInterfaceOrientationLandscapeRight";
				IPHONEOS_DEPLOYMENT_TARGET = 14.0;
				LD_RUNPATH_SEARCH_PATHS = (
					"$(inherited)",
					"@executable_path/Frameworks",
				);
				MARKETING_VERSION = 1.0;
				PRODUCT_BUNDLE_IDENTIFIER = com.blacenova.ScrumDinger;
				PRODUCT_NAME = "$(TARGET_NAME)";
				SWIFT_EMIT_LOC_STRINGS = YES;
				SWIFT_VERSION = 5.0;
				TARGETED_DEVICE_FAMILY = "1,2";
			};
			name = Release;
		};
/* End XCBuildConfiguration section */

/* Begin XCConfigurationList section */
		041720B0270B3CC7006FA236 /* Build configuration list for PBXProject "ScrumDinger" */ = {
			isa = XCConfigurationList;
			buildConfigurations = (
				041720C1270B3CCA006FA236 /* Debug */,
				041720C2270B3CCA006FA236 /* Release */,
			);
			defaultConfigurationIsVisible = 0;
			defaultConfigurationName = Release;
		};
		041720C3270B3CCA006FA236 /* Build configuration list for PBXNativeTarget "ScrumDinger" */ = {
			isa = XCConfigurationList;
			buildConfigurations = (
				041720C4270B3CCA006FA236 /* Debug */,
				041720C5270B3CCA006FA236 /* Release */,
			);
			defaultConfigurationIsVisible = 0;
			defaultConfigurationName = Release;
		};
/* End XCConfigurationList section */
	};
	rootObject = 041720AD270B3CC7006FA236 /* Project object */;
}
